
Microsoft Visual Studio Solution File, Format Version 12.00
# Visual Studio Version 16
VisualStudioVersion = 16.0.30717.126
MinimumVisualStudioVersion = 10.0.40219.1
Project("{FAE04EC0-301F-11D3-BF4B-00C04F79EFBC}") = "PCG.Sample", "PCG.Sample\PCG.Sample.csproj", "{19665329-71D3-4793-838F-5E11B8CF87D8}"
EndProject
Project("{FAE04EC0-301F-11D3-BF4B-00C04F79EFBC}") = "PCG.Sample.Android", "PCG.Sample.Android\PCG.Sample.Android.csproj", "{F4DE3E41-E03E-4518-9E72-15DB1DE79B40}"
EndProject
Project("{FAE04EC0-301F-11D3-BF4B-00C04F79EFBC}") = "PCG.Sample.iOS", "PCG.Sample.iOS\PCG.Sample.iOS.csproj", "{9CA8C80F-0050-4899-B57D-5A7CA35B37CB}"
EndProject
Project("{FAE04EC0-301F-11D3-BF4B-00C04F79EFBC}") = "PCG.Sample.UWP", "PCG.Sample.UWP\PCG.Sample.UWP.csproj", "{32A13E03-6386-44AF-9E17-C305E580247C}"
EndProject
Global
	GlobalSection(SolutionConfigurationPlatforms) = preSolution
		Ad-Hoc|Any CPU = Ad-Hoc|Any CPU
		Ad-Hoc|ARM = Ad-Hoc|ARM
		Ad-Hoc|iPhone = Ad-Hoc|iPhone
		Ad-Hoc|iPhoneSimulator = Ad-Hoc|iPhoneSimulator
		Ad-Hoc|x64 = Ad-Hoc|x64
		Ad-Hoc|x86 = Ad-Hoc|x86
		AppStore|Any CPU = AppStore|Any CPU
		AppStore|ARM = AppStore|ARM
		AppStore|iPhone = AppStore|iPhone
		AppStore|iPhoneSimulator = AppStore|iPhoneSimulator
		AppStore|x64 = AppStore|x64
		AppStore|x86 = AppStore|x86
		Debug|Any CPU = Debug|Any CPU
		Debug|ARM = Debug|ARM
		Debug|iPhone = Debug|iPhone
		Debug|iPhoneSimulator = Debug|iPhoneSimulator
		Debug|x64 = Debug|x64
		Debug|x86 = Debug|x86
		Release|Any CPU = Release|Any CPU
		Release|ARM = Release|ARM
		Release|iPhone = Release|iPhone
		Release|iPhoneSimulator = Release|iPhoneSimulator
		Release|x64 = Release|x64
		Release|x86 = Release|x86
	EndGlobalSection
	GlobalSection(ProjectConfigurationPlatforms) = postSolution
		{19665329-71D3-4793-838F-5E11B8CF87D8}.Ad-Hoc|Any CPU.ActiveCfg = Debug|Any CPU
		{19665329-71D3-4793-838F-5E11B8CF87D8}.Ad-Hoc|Any CPU.Build.0 = Debug|Any CPU
		{19665329-71D3-4793-838F-5E11B8CF87D8}.Ad-Hoc|ARM.ActiveCfg = Debug|Any CPU
		{19665329-71D3-4793-838F-5E11B8CF87D8}.Ad-Hoc|ARM.Build.0 = Debug|Any CPU
		{19665329-71D3-4793-838F-5E11B8CF87D8}.Ad-Hoc|iPhone.ActiveCfg = Debug|Any CPU
		{19665329-71D3-4793-838F-5E11B8CF87D8}.Ad-Hoc|iPhone.Build.0 = Debug|Any CPU
		{19665329-71D3-4793-838F-5E11B8CF87D8}.Ad-Hoc|iPhoneSimulator.ActiveCfg = Debug|Any CPU
		{19665329-71D3-4793-838F-5E11B8CF87D8}.Ad-Hoc|iPhoneSimulator.Build.0 = Debug|Any CPU
		{19665329-71D3-4793-838F-5E11B8CF87D8}.Ad-Hoc|x64.ActiveCfg = Debug|Any CPU
		{19665329-71D3-4793-838F-5E11B8CF87D8}.Ad-Hoc|x64.Build.0 = Debug|Any CPU
		{19665329-71D3-4793-838F-5E11B8CF87D8}.Ad-Hoc|x86.ActiveCfg = Debug|Any CPU
		{19665329-71D3-4793-838F-5E11B8CF87D8}.Ad-Hoc|x86.Build.0 = Debug|Any CPU
		{19665329-71D3-4793-838F-5E11B8CF87D8}.AppStore|Any CPU.ActiveCfg = Debug|Any CPU
		{19665329-71D3-4793-838F-5E11B8CF87D8}.AppStore|Any CPU.Build.0 = Debug|Any CPU
		{19665329-71D3-4793-838F-5E11B8CF87D8}.AppStore|ARM.ActiveCfg = Debug|Any CPU
		{19665329-71D3-4793-838F-5E11B8CF87D8}.AppStore|ARM.Build.0 = Debug|Any CPU
		{19665329-71D3-4793-838F-5E11B8CF87D8}.AppStore|iPhone.ActiveCfg = Debug|Any CPU
		{19665329-71D3-4793-838F-5E11B8CF87D8}.AppStore|iPhone.Build.0 = Debug|Any CPU
		{19665329-71D3-4793-838F-5E11B8CF87D8}.AppStore|iPhoneSimulator.ActiveCfg = Debug|Any CPU
		{19665329-71D3-4793-838F-5E11B8CF87D8}.AppStore|iPhoneSimulator.Build.0 = Debug|Any CPU
		{19665329-71D3-4793-838F-5E11B8CF87D8}.AppStore|x64.ActiveCfg = Debug|Any CPU
		{19665329-71D3-4793-838F-5E11B8CF87D8}.AppStore|x64.Build.0 = Debug|Any CPU
		{19665329-71D3-4793-838F-5E11B8CF87D8}.AppStore|x86.ActiveCfg = Debug|Any CPU
		{19665329-71D3-4793-838F-5E11B8CF87D8}.AppStore|x86.Build.0 = Debug|Any CPU
		{19665329-71D3-4793-838F-5E11B8CF87D8}.Debug|Any CPU.ActiveCfg = Debug|Any CPU
		{19665329-71D3-4793-838F-5E11B8CF87D8}.Debug|Any CPU.Build.0 = Debug|Any CPU
		{19665329-71D3-4793-838F-5E11B8CF87D8}.Debug|ARM.ActiveCfg = Debug|Any CPU
		{19665329-71D3-4793-838F-5E11B8CF87D8}.Debug|ARM.Build.0 = Debug|Any CPU
		{19665329-71D3-4793-838F-5E11B8CF87D8}.Debug|iPhone.ActiveCfg = Debug|Any CPU
		{19665329-71D3-4793-838F-5E11B8CF87D8}.Debug|iPhone.Build.0 = Debug|Any CPU
		{19665329-71D3-4793-838F-5E11B8CF87D8}.Debug|iPhoneSimulator.ActiveCfg = Debug|Any CPU
		{19665329-71D3-4793-838F-5E11B8CF87D8}.Debug|iPhoneSimulator.Build.0 = Debug|Any CPU
		{19665329-71D3-4793-838F-5E11B8CF87D8}.Debug|x64.ActiveCfg = Debug|Any CPU
		{19665329-71D3-4793-838F-5E11B8CF87D8}.Debug|x64.Build.0 = Debug|Any CPU
		{19665329-71D3-4793-838F-5E11B8CF87D8}.Debug|x86.ActiveCfg = Debug|Any CPU
		{19665329-71D3-4793-838F-5E11B8CF87D8}.Debug|x86.Build.0 = Debug|Any CPU
		{19665329-71D3-4793-838F-5E11B8CF87D8}.Release|Any CPU.ActiveCfg = Release|Any CPU
		{19665329-71D3-4793-838F-5E11B8CF87D8}.Release|Any CPU.Build.0 = Release|Any CPU
		{19665329-71D3-4793-838F-5E11B8CF87D8}.Release|ARM.ActiveCfg = Release|Any CPU
		{19665329-71D3-4793-838F-5E11B8CF87D8}.Release|ARM.Build.0 = Release|Any CPU
		{19665329-71D3-4793-838F-5E11B8CF87D8}.Release|iPhone.ActiveCfg = Release|Any CPU
		{19665329-71D3-4793-838F-5E11B8CF87D8}.Release|iPhone.Build.0 = Release|Any CPU
		{19665329-71D3-4793-838F-5E11B8CF87D8}.Release|iPhoneSimulator.ActiveCfg = Release|Any CPU
		{19665329-71D3-4793-838F-5E11B8CF87D8}.Release|iPhoneSimulator.Build.0 = Release|Any CPU
		{19665329-71D3-4793-838F-5E11B8CF87D8}.Release|x64.ActiveCfg = Release|Any CPU
		{19665329-71D3-4793-838F-5E11B8CF87D8}.Release|x64.Build.0 = Release|Any CPU
		{19665329-71D3-4793-838F-5E11B8CF87D8}.Release|x86.ActiveCfg = Release|Any CPU
		{19665329-71D3-4793-838F-5E11B8CF87D8}.Release|x86.Build.0 = Release|Any CPU
		{F4DE3E41-E03E-4518-9E72-15DB1DE79B40}.Ad-Hoc|Any CPU.ActiveCfg = Debug|Any CPU
		{F4DE3E41-E03E-4518-9E72-15DB1DE79B40}.Ad-Hoc|Any CPU.Build.0 = Debug|Any CPU
		{F4DE3E41-E03E-4518-9E72-15DB1DE79B40}.Ad-Hoc|Any CPU.Deploy.0 = Debug|Any CPU
		{F4DE3E41-E03E-4518-9E72-15DB1DE79B40}.Ad-Hoc|ARM.ActiveCfg = Debug|Any CPU
		{F4DE3E41-E03E-4518-9E72-15DB1DE79B40}.Ad-Hoc|ARM.Build.0 = Debug|Any CPU
		{F4DE3E41-E03E-4518-9E72-15DB1DE79B40}.Ad-Hoc|ARM.Deploy.0 = Debug|Any CPU
		{F4DE3E41-E03E-4518-9E72-15DB1DE79B40}.Ad-Hoc|iPhone.ActiveCfg = Debug|Any CPU
		{F4DE3E41-E03E-4518-9E72-15DB1DE79B40}.Ad-Hoc|iPhone.Build.0 = Debug|Any CPU
		{F4DE3E41-E03E-4518-9E72-15DB1DE79B40}.Ad-Hoc|iPhone.Deploy.0 = Debug|Any CPU
		{F4DE3E41-E03E-4518-9E72-15DB1DE79B40}.Ad-Hoc|iPhoneSimulator.ActiveCfg = Debug|Any CPU
		{F4DE3E41-E03E-4518-9E72-15DB1DE79B40}.Ad-Hoc|iPhoneSimulator.Build.0 = Debug|Any CPU
		{F4DE3E41-E03E-4518-9E72-15DB1DE79B40}.Ad-Hoc|iPhoneSimulator.Deploy.0 = Debug|Any CPU
		{F4DE3E41-E03E-4518-9E72-15DB1DE79B40}.Ad-Hoc|x64.ActiveCfg = Debug|Any CPU
		{F4DE3E41-E03E-4518-9E72-15DB1DE79B40}.Ad-Hoc|x64.Build.0 = Debug|Any CPU
		{F4DE3E41-E03E-4518-9E72-15DB1DE79B40}.Ad-Hoc|x64.Deploy.0 = Debug|Any CPU
		{F4DE3E41-E03E-4518-9E72-15DB1DE79B40}.Ad-Hoc|x86.ActiveCfg = Debug|Any CPU
		{F4DE3E41-E03E-4518-9E72-15DB1DE79B40}.Ad-Hoc|x86.Build.0 = Debug|Any CPU
		{F4DE3E41-E03E-4518-9E72-15DB1DE79B40}.Ad-Hoc|x86.Deploy.0 = Debug|Any CPU
		{F4DE3E41-E03E-4518-9E72-15DB1DE79B40}.AppStore|Any CPU.ActiveCfg = Debug|Any CPU
		{F4DE3E41-E03E-4518-9E72-15DB1DE79B40}.AppStore|Any CPU.Build.0 = Debug|Any CPU
		{F4DE3E41-E03E-4518-9E72-15DB1DE79B40}.AppStore|Any CPU.Deploy.0 = Debug|Any CPU
		{F4DE3E41-E03E-4518-9E72-15DB1DE79B40}.AppStore|ARM.ActiveCfg = Debug|Any CPU
		{F4DE3E41-E03E-4518-9E72-15DB1DE79B40}.AppStore|ARM.Build.0 = Debug|Any CPU
		{F4DE3E41-E03E-4518-9E72-15DB1DE79B40}.AppStore|ARM.Deploy.0 = Debug|Any CPU
		{F4DE3E41-E03E-4518-9E72-15DB1DE79B40}.AppStore|iPhone.ActiveCfg = Debug|Any CPU
		{F4DE3E41-E03E-4518-9E72-15DB1DE79B40}.AppStore|iPhone.Build.0 = Debug|Any CPU
		{F4DE3E41-E03E-4518-9E72-15DB1DE79B40}.AppStore|iPhone.Deploy.0 = Debug|Any CPU
		{F4DE3E41-E03E-4518-9E72-15DB1DE79B40}.AppStore|iPhoneSimulator.ActiveCfg = Debug|Any CPU
		{F4DE3E41-E03E-4518-9E72-15DB1DE79B40}.AppStore|iPhoneSimulator.Build.0 = Debug|Any CPU
		{F4DE3E41-E03E-4518-9E72-15DB1DE79B40}.AppStore|iPhoneSimulator.Deploy.0 = Debug|Any CPU
		{F4DE3E41-E03E-4518-9E72-15DB1DE79B40}.AppStore|x64.ActiveCfg = Debug|Any CPU
		{F4DE3E41-E03E-4518-9E72-15DB1DE79B40}.AppStore|x64.Build.0 = Debug|Any CPU
		{F4DE3E41-E03E-4518-9E72-15DB1DE79B40}.AppStore|x64.Deploy.0 = Debug|Any CPU
		{F4DE3E41-E03E-4518-9E72-15DB1DE79B40}.AppStore|x86.ActiveCfg = Debug|Any CPU
		{F4DE3E41-E03E-4518-9E72-15DB1DE79B40}.AppStore|x86.Build.0 = Debug|Any CPU
		{F4DE3E41-E03E-4518-9E72-15DB1DE79B40}.AppStore|x86.Deploy.0 = Debug|Any CPU
		{F4DE3E41-E03E-4518-9E72-15DB1DE79B40}.Debug|Any CPU.ActiveCfg = Debug|Any CPU
		{F4DE3E41-E03E-4518-9E72-15DB1DE79B40}.Debug|Any CPU.Build.0 = Debug|Any CPU
		{F4DE3E41-E03E-4518-9E72-15DB1DE79B40}.Debug|Any CPU.Deploy.0 = Debug|Any CPU
		{F4DE3E41-E03E-4518-9E72-15DB1DE79B40}.Debug|ARM.ActiveCfg = Debug|Any CPU
		{F4DE3E41-E03E-4518-9E72-15DB1DE79B40}.Debug|ARM.Build.0 = Debug|Any CPU
		{F4DE3E41-E03E-4518-9E72-15DB1DE79B40}.Debug|ARM.Deploy.0 = Debug|Any CPU
		{F4DE3E41-E03E-4518-9E72-15DB1DE79B40}.Debug|iPhone.ActiveCfg = Debug|Any CPU
		{F4DE3E41-E03E-4518-9E72-15DB1DE79B40}.Debug|iPhone.Build.0 = Debug|Any CPU
		{F4DE3E41-E03E-4518-9E72-15DB1DE79B40}.Debug|iPhone.Deploy.0 = Debug|Any CPU
		{F4DE3E41-E03E-4518-9E72-15DB1DE79B40}.Debug|iPhoneSimulator.ActiveCfg = Debug|Any CPU
		{F4DE3E41-E03E-4518-9E72-15DB1DE79B40}.Debug|iPhoneSimulator.Build.0 = Debug|Any CPU
		{F4DE3E41-E03E-4518-9E72-15DB1DE79B40}.Debug|iPhoneSimulator.Deploy.0 = Debug|Any CPU
		{F4DE3E41-E03E-4518-9E72-15DB1DE79B40}.Debug|x64.ActiveCfg = Debug|Any CPU
		{F4DE3E41-E03E-4518-9E72-15DB1DE79B40}.Debug|x64.Build.0 = Debug|Any CPU
		{F4DE3E41-E03E-4518-9E72-15DB1DE79B40}.Debug|x64.Deploy.0 = Debug|Any CPU
		{F4DE3E41-E03E-4518-9E72-15DB1DE79B40}.Debug|x86.ActiveCfg = Debug|Any CPU
		{F4DE3E41-E03E-4518-9E72-15DB1DE79B40}.Debug|x86.Build.0 = Debug|Any CPU
		{F4DE3E41-E03E-4518-9E72-15DB1DE79B40}.Debug|x86.Deploy.0 = Debug|Any CPU
		{F4DE3E41-E03E-4518-9E72-15DB1DE79B40}.Release|Any CPU.ActiveCfg = Release|Any CPU
		{F4DE3E41-E03E-4518-9E72-15DB1DE79B40}.Release|Any CPU.Build.0 = Release|Any CPU
		{F4DE3E41-E03E-4518-9E72-15DB1DE79B40}.Release|Any CPU.Deploy.0 = Release|Any CPU
		{F4DE3E41-E03E-4518-9E72-15DB1DE79B40}.Release|ARM.ActiveCfg = Release|Any CPU
		{F4DE3E41-E03E-4518-9E72-15DB1DE79B40}.Release|ARM.Build.0 = Release|Any CPU
		{F4DE3E41-E03E-4518-9E72-15DB1DE79B40}.Release|ARM.Deploy.0 = Release|Any CPU
		{F4DE3E41-E03E-4518-9E72-15DB1DE79B40}.Release|iPhone.ActiveCfg = Release|Any CPU
		{F4DE3E41-E03E-4518-9E72-15DB1DE79B40}.Release|iPhone.Build.0 = Release|Any CPU
		{F4DE3E41-E03E-4518-9E72-15DB1DE79B40}.Release|iPhone.Deploy.0 = Release|Any CPU
		{F4DE3E41-E03E-4518-9E72-15DB1DE79B40}.Release|iPhoneSimulator.ActiveCfg = Release|Any CPU
		{F4DE3E41-E03E-4518-9E72-15DB1DE79B40}.Release|iPhoneSimulator.Build.0 = Release|Any CPU
		{F4DE3E41-E03E-4518-9E72-15DB1DE79B40}.Release|iPhoneSimulator.Deploy.0 = Release|Any CPU
		{F4DE3E41-E03E-4518-9E72-15DB1DE79B40}.Release|x64.ActiveCfg = Release|Any CPU
		{F4DE3E41-E03E-4518-9E72-15DB1DE79B40}.Release|x64.Build.0 = Release|Any CPU
		{F4DE3E41-E03E-4518-9E72-15DB1DE79B40}.Release|x64.Deploy.0 = Release|Any CPU
		{F4DE3E41-E03E-4518-9E72-15DB1DE79B40}.Release|x86.ActiveCfg = Release|Any CPU
		{F4DE3E41-E03E-4518-9E72-15DB1DE79B40}.Release|x86.Build.0 = Release|Any CPU
		{F4DE3E41-E03E-4518-9E72-15DB1DE79B40}.Release|x86.Deploy.0 = Release|Any CPU
		{9CA8C80F-0050-4899-B57D-5A7CA35B37CB}.Ad-Hoc|Any CPU.ActiveCfg = Ad-Hoc|iPhoneSimulator
		{9CA8C80F-0050-4899-B57D-5A7CA35B37CB}.Ad-Hoc|ARM.ActiveCfg = Ad-Hoc|iPhoneSimulator
		{9CA8C80F-0050-4899-B57D-5A7CA35B37CB}.Ad-Hoc|iPhone.ActiveCfg = Ad-Hoc|iPhone
		{9CA8C80F-0050-4899-B57D-5A7CA35B37CB}.Ad-Hoc|iPhone.Build.0 = Ad-Hoc|iPhone
		{9CA8C80F-0050-4899-B57D-5A7CA35B37CB}.Ad-Hoc|iPhoneSimulator.ActiveCfg = Ad-Hoc|iPhoneSimulator
		{9CA8C80F-0050-4899-B57D-5A7CA35B37CB}.Ad-Hoc|iPhoneSimulator.Build.0 = Ad-Hoc|iPhoneSimulator
		{9CA8C80F-0050-4899-B57D-5A7CA35B37CB}.Ad-Hoc|x64.ActiveCfg = Ad-Hoc|iPhoneSimulator
		{9CA8C80F-0050-4899-B57D-5A7CA35B37CB}.Ad-Hoc|x86.ActiveCfg = Ad-Hoc|iPhoneSimulator
		{9CA8C80F-0050-4899-B57D-5A7CA35B37CB}.AppStore|Any CPU.ActiveCfg = AppStore|iPhoneSimulator
		{9CA8C80F-0050-4899-B57D-5A7CA35B37CB}.AppStore|ARM.ActiveCfg = AppStore|iPhoneSimulator
		{9CA8C80F-0050-4899-B57D-5A7CA35B37CB}.AppStore|iPhone.ActiveCfg = AppStore|iPhone
		{9CA8C80F-0050-4899-B57D-5A7CA35B37CB}.AppStore|iPhone.Build.0 = AppStore|iPhone
		{9CA8C80F-0050-4899-B57D-5A7CA35B37CB}.AppStore|iPhoneSimulator.ActiveCfg = AppStore|iPhoneSimulator
		{9CA8C80F-0050-4899-B57D-5A7CA35B37CB}.AppStore|iPhoneSimulator.Build.0 = AppStore|iPhoneSimulator
		{9CA8C80F-0050-4899-B57D-5A7CA35B37CB}.AppStore|x64.ActiveCfg = AppStore|iPhoneSimulator
		{9CA8C80F-0050-4899-B57D-5A7CA35B37CB}.AppStore|x86.ActiveCfg = AppStore|iPhoneSimulator
		{9CA8C80F-0050-4899-B57D-5A7CA35B37CB}.Debug|Any CPU.ActiveCfg = Debug|iPhoneSimulator
		{9CA8C80F-0050-4899-B57D-5A7CA35B37CB}.Debug|ARM.ActiveCfg = Debug|iPhoneSimulator
		{9CA8C80F-0050-4899-B57D-5A7CA35B37CB}.Debug|iPhone.ActiveCfg = Debug|iPhone
		{9CA8C80F-0050-4899-B57D-5A7CA35B37CB}.Debug|iPhone.Build.0 = Debug|iPhone
		{9CA8C80F-0050-4899-B57D-5A7CA35B37CB}.Debug|iPhoneSimulator.ActiveCfg = Debug|iPhoneSimulator
		{9CA8C80F-0050-4899-B57D-5A7CA35B37CB}.Debug|iPhoneSimulator.Build.0 = Debug|iPhoneSimulator
		{9CA8C80F-0050-4899-B57D-5A7CA35B37CB}.Debug|x64.ActiveCfg = Debug|iPhoneSimulator
		{9CA8C80F-0050-4899-B57D-5A7CA35B37CB}.Debug|x86.ActiveCfg = Debug|iPhoneSimulator
		{9CA8C80F-0050-4899-B57D-5A7CA35B37CB}.Release|Any CPU.ActiveCfg = Release|iPhoneSimulator
		{9CA8C80F-0050-4899-B57D-5A7CA35B37CB}.Release|ARM.ActiveCfg = Release|iPhoneSimulator
		{9CA8C80F-0050-4899-B57D-5A7CA35B37CB}.Release|iPhone.ActiveCfg = Release|iPhone
		{9CA8C80F-0050-4899-B57D-5A7CA35B37CB}.Release|iPhone.Build.0 = Release|iPhone
		{9CA8C80F-0050-4899-B57D-5A7CA35B37CB}.Release|iPhoneSimulator.ActiveCfg = Release|iPhoneSimulator
		{9CA8C80F-0050-4899-B57D-5A7CA35B37CB}.Release|iPhoneSimulator.Build.0 = Release|iPhoneSimulator
		{9CA8C80F-0050-4899-B57D-5A7CA35B37CB}.Release|x64.ActiveCfg = Release|iPhoneSimulator
		{9CA8C80F-0050-4899-B57D-5A7CA35B37CB}.Release|x86.ActiveCfg = Release|iPhoneSimulator
		{32A13E03-6386-44AF-9E17-C305E580247C}.Ad-Hoc|Any CPU.ActiveCfg = Debug|ARM
		{32A13E03-6386-44AF-9E17-C305E580247C}.Ad-Hoc|Any CPU.Build.0 = Debug|ARM
		{32A13E03-6386-44AF-9E17-C305E580247C}.Ad-Hoc|Any CPU.Deploy.0 = Debug|ARM
		{32A13E03-6386-44AF-9E17-C305E580247C}.Ad-Hoc|ARM.ActiveCfg = Debug|ARM
		{32A13E03-6386-44AF-9E17-C305E580247C}.Ad-Hoc|ARM.Build.0 = Debug|ARM
		{32A13E03-6386-44AF-9E17-C305E580247C}.Ad-Hoc|ARM.Deploy.0 = Debug|ARM
		{32A13E03-6386-44AF-9E17-C305E580247C}.Ad-Hoc|iPhone.ActiveCfg = Debug|ARM
		{32A13E03-6386-44AF-9E17-C305E580247C}.Ad-Hoc|iPhone.Build.0 = Debug|ARM
		{32A13E03-6386-44AF-9E17-C305E580247C}.Ad-Hoc|iPhone.Deploy.0 = Debug|ARM
		{32A13E03-6386-44AF-9E17-C305E580247C}.Ad-Hoc|iPhoneSimulator.ActiveCfg = Debug|ARM
		{32A13E03-6386-44AF-9E17-C305E580247C}.Ad-Hoc|iPhoneSimulator.Build.0 = Debug|ARM
		{32A13E03-6386-44AF-9E17-C305E580247C}.Ad-Hoc|iPhoneSimulator.Deploy.0 = Debug|ARM
		{32A13E03-6386-44AF-9E17-C305E580247C}.Ad-Hoc|x64.ActiveCfg = Debug|x64
		{32A13E03-6386-44AF-9E17-C305E580247C}.Ad-Hoc|x64.Build.0 = Debug|x64
		{32A13E03-6386-44AF-9E17-C305E580247C}.Ad-Hoc|x64.Deploy.0 = Debug|x64
		{32A13E03-6386-44AF-9E17-C305E580247C}.Ad-Hoc|x86.ActiveCfg = Debug|x86
		{32A13E03-6386-44AF-9E17-C305E580247C}.Ad-Hoc|x86.Build.0 = Debug|x86
		{32A13E03-6386-44AF-9E17-C305E580247C}.Ad-Hoc|x86.Deploy.0 = Debug|x86
		{32A13E03-6386-44AF-9E17-C305E580247C}.AppStore|Any CPU.ActiveCfg = Debug|ARM
		{32A13E03-6386-44AF-9E17-C305E580247C}.AppStore|Any CPU.Build.0 = Debug|ARM
		{32A13E03-6386-44AF-9E17-C305E580247C}.AppStore|Any CPU.Deploy.0 = Debug|ARM
		{32A13E03-6386-44AF-9E17-C305E580247C}.AppStore|ARM.ActiveCfg = Debug|ARM
		{32A13E03-6386-44AF-9E17-C305E580247C}.AppStore|ARM.Build.0 = Debug|ARM
		{32A13E03-6386-44AF-9E17-C305E580247C}.AppStore|ARM.Deploy.0 = Debug|ARM
		{32A13E03-6386-44AF-9E17-C305E580247C}.AppStore|iPhone.ActiveCfg = Debug|ARM
		{32A13E03-6386-44AF-9E17-C305E580247C}.AppStore|iPhone.Build.0 = Debug|ARM
		{32A13E03-6386-44AF-9E17-C305E580247C}.AppStore|iPhone.Deploy.0 = Debug|ARM
		{32A13E03-6386-44AF-9E17-C305E580247C}.AppStore|iPhoneSimulator.ActiveCfg = Debug|ARM
		{32A13E03-6386-44AF-9E17-C305E580247C}.AppStore|iPhoneSimulator.Build.0 = Debug|ARM
		{32A13E03-6386-44AF-9E17-C305E580247C}.AppStore|iPhoneSimulator.Deploy.0 = Debug|ARM
		{32A13E03-6386-44AF-9E17-C305E580247C}.AppStore|x64.ActiveCfg = Debug|x64
		{32A13E03-6386-44AF-9E17-C305E580247C}.AppStore|x64.Build.0 = Debug|x64
		{32A13E03-6386-44AF-9E17-C305E580247C}.AppStore|x64.Deploy.0 = Debug|x64
		{32A13E03-6386-44AF-9E17-C305E580247C}.AppStore|x86.ActiveCfg = Debug|x86
		{32A13E03-6386-44AF-9E17-C305E580247C}.AppStore|x86.Build.0 = Debug|x86
		{32A13E03-6386-44AF-9E17-C305E580247C}.AppStore|x86.Deploy.0 = Debug|x86
		{32A13E03-6386-44AF-9E17-C305E580247C}.Debug|Any CPU.ActiveCfg = Debug|x86
		{32A13E03-6386-44AF-9E17-C305E580247C}.Debug|ARM.ActiveCfg = Debug|ARM
		{32A13E03-6386-44AF-9E17-C305E580247C}.Debug|ARM.Build.0 = Debug|ARM
		{32A13E03-6386-44AF-9E17-C305E580247C}.Debug|ARM.Deploy.0 = Debug|ARM
		{32A13E03-6386-44AF-9E17-C305E580247C}.Debug|iPhone.ActiveCfg = Debug|x86
		{32A13E03-6386-44AF-9E17-C305E580247C}.Debug|iPhoneSimulator.ActiveCfg = Debug|x86
		{32A13E03-6386-44AF-9E17-C305E580247C}.Debug|x64.ActiveCfg = Debug|x64
		{32A13E03-6386-44AF-9E17-C305E580247C}.Debug|x64.Build.0 = Debug|x64
		{32A13E03-6386-44AF-9E17-C305E580247C}.Debug|x64.Deploy.0 = Debug|x64
		{32A13E03-6386-44AF-9E17-C305E580247C}.Debug|x86.ActiveCfg = Debug|x86
		{32A13E03-6386-44AF-9E17-C305E580247C}.Debug|x86.Build.0 = Debug|x86
		{32A13E03-6386-44AF-9E17-C305E580247C}.Debug|x86.Deploy.0 = Debug|x86
		{32A13E03-6386-44AF-9E17-C305E580247C}.Release|Any CPU.ActiveCfg = Release|x86
		{32A13E03-6386-44AF-9E17-C305E580247C}.Release|ARM.ActiveCfg = Release|ARM
		{32A13E03-6386-44AF-9E17-C305E580247C}.Release|ARM.Build.0 = Release|ARM
		{32A13E03-6386-44AF-9E17-C305E580247C}.Release|ARM.Deploy.0 = Release|ARM
		{32A13E03-6386-44AF-9E17-C305E580247C}.Release|iPhone.ActiveCfg = Release|x86
		{32A13E03-6386-44AF-9E17-C305E580247C}.Release|iPhoneSimulator.ActiveCfg = Release|x86
		{32A13E03-6386-44AF-9E17-C305E580247C}.Release|x64.ActiveCfg = Release|x64
		{32A13E03-6386-44AF-9E17-C305E580247C}.Release|x64.Build.0 = Release|x64
		{32A13E03-6386-44AF-9E17-C305E580247C}.Release|x64.Deploy.0 = Release|x64
		{32A13E03-6386-44AF-9E17-C305E580247C}.Release|x86.ActiveCfg = Release|x86
		{32A13E03-6386-44AF-9E17-C305E580247C}.Release|x86.Build.0 = Release|x86
		{32A13E03-6386-44AF-9E17-C305E580247C}.Release|x86.Deploy.0 = Release|x86
	EndGlobalSection
	GlobalSection(SolutionProperties) = preSolution
		HideSolutionNode = FALSE
	EndGlobalSection
	GlobalSection(ExtensibilityGlobals) = postSolution
		SolutionGuid = {7F1AB2A4-AC6F-4ECF-971E-FCFFBBFA3447}
	EndGlobalSection
EndGlobal
